
Microsoft Visual Studio Solution File, Format Version 12.00
# Visual Studio 15
VisualStudioVersion = 15.0.28307.539
MinimumVisualStudioVersion = 10.0.40219.1
Project("{FAE04EC0-301F-11D3-BF4B-00C04F79EFBC}") = "Game_winform", "Game_winform\Game_winform.csproj", "{EFE17AB0-2B97-431F-ACED-A3BFA5BB2FC9}"
EndProject
Global
	GlobalSection(SolutionConfigurationPlatforms) = preSolution
		Debug|Any CPU = Debug|Any CPU
		Release|Any CPU = Release|Any CPU
	EndGlobalSection
	GlobalSection(ProjectConfigurationPlatforms) = postSolution
		{EFE17AB0-2B97-431F-ACED-A3BFA5BB2FC9}.Debug|Any CPU.ActiveCfg = Debug|Any CPU
		{EFE17AB0-2B97-431F-ACED-A3BFA5BB2FC9}.Debug|Any CPU.Build.0 = Debug|Any CPU
		{EFE17AB0-2B97-431F-ACED-A3BFA5BB2FC9}.Release|Any CPU.ActiveCfg = Release|Any CPU
		{EFE17AB0-2B97-431F-ACED-A3BFA5BB2FC9}.Release|Any CPU.Build.0 = Release|Any CPU
	EndGlobalSection
	GlobalSection(SolutionProperties) = preSolution
		HideSolutionNode = FALSE
	EndGlobalSection
	GlobalSection(ExtensibilityGlobals) = postSolution
		SolutionGuid = {445C3984-35DF-42FB-8886-991F5E342959}
	EndGlobalSection
EndGlobal
